github.com/blackjack/webcam v0.0.0-20220329180758-ba064708e165 h1:QsIbRyO2tn5eSJZ/skuDqSTo0GWI5H4G1AT7Mm2H0Nw=
github.com/blackjack/webcam v0.0.0-20220329180758-ba064708e165/go.mod h1:G0X+rEqYPWSq0dG8OMf8M446MtKytzpPjgS3HbdOJZ4=
github.com/golang/glog v0.0.0-20160126235308-23def4e6c14b/go.mod h1:SBH7ygxi8pfUlaOkMMuAQtPIUF8ecWP5IEl/CR7VP2Q=
github.com/reef-pi/embd v0.0.0-20200823212911-23a8c07341dd/go.mod h1:vLR1mLVXpivVlbXyVJ4CdsUpOoyDWas+xjikOIzVV0g=
github.com/reef-pi/hal v0.0.0-20210801213209-e1fdd03d558f/go.mod h1:ymcJ0AbYfWXT1vyAbXOjKtWaFdCv1HHYmXDMWxJSWSM=
github.com/reef-pi/rpi v0.0.0-20220116071804-9ab406e54060 h1:CHoMp1LHrhQpc1j5yVw4UmnDEXbZ2CcWzKMrK8JT+OE=
github.com/reef-pi/rpi v0.0.0-20220116071804-9ab406e54060/go.mod h1:5Zu8vYYKAJshaEh2WdVxsNXp1O6U6kTSvAMMAYmGjJQ=
github.com/veandco/go-sdl2 v0.4.24 h1:J+OCnPp0yfas4DAG13e3kIgC84mNxWGa3gpWYxrQQfI=
github.com/veandco/go-sdl2 v0.4.24/go.mod h1:OROqMhHD43nT4/i9crJukyVecjPNYYuCofep6SNiAjY=
github.com/warthog618/gpiod v0.8.0 h1:qxH9XVvWHpTxzWFSndBcujFyNH5zVRzHM63tcmm85o4=
github.com/warthog618/gpiod v0.8.0/go.mod h1:a7Csa+IJtDBZ39++zC/6Srjo01qWejt/5velrDWuNkY=
golang.org/x/sys v0.0.0-20200223170610-d5e6a3e2c0ae h1:/WDfKMnPU+m5M4xB+6x4kaepxRw6jWvR5iDRdvjHgy8=
golang.org/x/sys v0.0.0-20200223170610-d5e6a3e2c0ae/go.mod h1:h1NjWce9XRLGQEsW7wpKNCjG9DtNlClVuFLEZdDNbEs=
